
Microsoft Visual Studio Solution File, Format Version 11.00
# Visual Studio 2010
Project("{E24C65DC-7377-472B-9ABA-BC803B73C61A}") = "2b SolAdo", ".", "{6BC7BA80-0C8F-44C8-8887-622B5E03A026}"
	ProjectSection(WebsiteProperties) = preProject
		TargetFrameworkMoniker = ".NETFramework,Version%3Dv4.0"
		Debug.AspNetCompiler.VirtualPath = "/pruebas"
		Debug.AspNetCompiler.PhysicalPath = "..\..\..\..\leo\programacion II\pruebas\"
		Debug.AspNetCompiler.TargetPath = "PrecompiledWeb\pruebas\"
		Debug.AspNetCompiler.Updateable = "true"
		Debug.AspNetCompiler.ForceOverwrite = "true"
		Debug.AspNetCompiler.FixedNames = "false"
		Debug.AspNetCompiler.Debug = "True"
		Release.AspNetCompiler.VirtualPath = "/pruebas"
		Release.AspNetCompiler.PhysicalPath = "..\..\..\..\leo\programacion II\pruebas\"
		Release.AspNetCompiler.TargetPath = "PrecompiledWeb\pruebas\"
		Release.AspNetCompiler.Updateable = "true"
		Release.AspNetCompiler.ForceOverwrite = "true"
		Release.AspNetCompiler.FixedNames = "false"
		Release.AspNetCompiler.Debug = "False"
		VWDPort = "2655"
		DefaultWebSiteLanguage = "Visual C#"
	EndProjectSection
EndProject
Global
	GlobalSection(SolutionConfigurationPlatforms) = preSolution
		Debug|.NET = Debug|.NET
	EndGlobalSection
	GlobalSection(ProjectConfigurationPlatforms) = postSolution
		{6BC7BA80-0C8F-44C8-8887-622B5E03A026}.Debug|.NET.ActiveCfg = Debug|.NET
		{6BC7BA80-0C8F-44C8-8887-622B5E03A026}.Debug|.NET.Build.0 = Debug|.NET
	EndGlobalSection
	GlobalSection(SolutionProperties) = preSolution
		HideSolutionNode = FALSE
	EndGlobalSection
EndGlobal
